
Microsoft Visual Studio Solution File, Format Version 12.00
# Visual Studio Version 16
VisualStudioVersion = 16.0.30907.101
MinimumVisualStudioVersion = 10.0.40219.1
Project("{FAE04EC0-301F-11D3-BF4B-00C04F79EFBC}") = "WindFormMovieAss2Feb", "WindFormMovieAss2Feb\WindFormMovieAss2Feb.csproj", "{93B53F23-7194-4EE8-A52F-B75C45A8BEDC}"
EndProject
Global
	GlobalSection(SolutionConfigurationPlatforms) = preSolution
		Debug|Any CPU = Debug|Any CPU
		Release|Any CPU = Release|Any CPU
	EndGlobalSection
	GlobalSection(ProjectConfigurationPlatforms) = postSolution
		{93B53F23-7194-4EE8-A52F-B75C45A8BEDC}.Debug|Any CPU.ActiveCfg = Debug|Any CPU
		{93B53F23-7194-4EE8-A52F-B75C45A8BEDC}.Debug|Any CPU.Build.0 = Debug|Any CPU
		{93B53F23-7194-4EE8-A52F-B75C45A8BEDC}.Release|Any CPU.ActiveCfg = Release|Any CPU
		{93B53F23-7194-4EE8-A52F-B75C45A8BEDC}.Release|Any CPU.Build.0 = Release|Any CPU
	EndGlobalSection
	GlobalSection(SolutionProperties) = preSolution
		HideSolutionNode = FALSE
	EndGlobalSection
	GlobalSection(ExtensibilityGlobals) = postSolution
		SolutionGuid = {813894E4-270A-41AF-9370-A87F319F6E87}
	EndGlobalSection
EndGlobal
